// !$*UTF8*$!
{
	archiveVersion = 1;
	classes = {
	};
	objectVersion = 110;
	objects = {

/* Begin PBXContainerItemProxy section */
		7FC88800306CD2680047508F /* PBXContainerItemProxy */ = {
			isa = PBXContainerItemProxy;
			containerPortal = 7FC887EA306CD2670047508F /* Project object */;
			proxyType = 1;
			remoteGlobalIDString = 7FC887F1306CD2670047508F;
			remoteInfo = StoreFlow;
		};
		7FC8880A306CD2680047508F /* PBXContainerItemProxy */ = {
			isa = PBXContainerItemProxy;
			containerPortal = 7FC887EA306CD2670047508F /* Project object */;
			proxyType = 1;
			remoteGlobalIDString = 7FC887F1306CD2670047508F;
			remoteInfo = StoreFlow;
		};
/* End PBXContainerItemProxy section */

/* Begin PBXFileReference section */
		7FC887F2306CD2670047508F /* StoreFlow.app */ = {isa = PBXFileReference; explicitFileType = wrapper.application; includeInIndex = 0; path = StoreFlow.app; sourceTree = BUILT_PRODUCTS_DIR; };
		7FC887FF306CD2680047508F /* StoreFlowTests.xctest */ = {isa = PBXFileReference; explicitFileType = wrapper.cfbundle; includeInIndex = 0; path = StoreFlowTests.xctest; sourceTree = BUILT_PRODUCTS_DIR; };
		7FC88809306CD2680047508F /* StoreFlowUITests.xctest */ = {isa = PBXFileReference; explicitFileType = wrapper.cfbundle; includeInIndex = 0; path = StoreFlowUITests.xctest; sourceTree = BUILT_PRODUCTS_DIR; };
/* End PBXFileReference section */

/* Begin PBXFileSystemSynchronizedRootGroup section */
		7FC887F4306CD2670047508F /* StoreFlow */ = {
			isa = PBXFileSystemSynchronizedRootGroup;
			path = StoreFlow;
			sourceTree = "<group>";
		};
		7FC88802306CD2680047508F /* StoreFlowTests */ = {
			isa = PBXFileSystemSynchronizedRootGroup;
			path = StoreFlowTests;
			sourceTree = "<group>";
		};
		7FC8880C306CD2680047508F /* StoreFlowUITests */ = {
			isa = PBXFileSystemSynchronizedRootGroup;
			path = StoreFlowUITests;
			sourceTree = "<group>";
		};
/* End PBXFileSystemSynchronizedRootGroup section */

/* Begin PBXFrameworksBuildPhase section */
		7FC887EF306CD2670047508F /* Frameworks */ = {
			isa = PBXFrameworksBuildPhase;
			files = (
			);
		};
		7FC887FC306CD2680047508F /* Frameworks */ = {
			isa = PBXFrameworksBuildPhase;
			files = (
			);
		};
		7FC88806306CD2680047508F /* Frameworks */ = {
			isa = PBXFrameworksBuildPhase;
			files = (
			);
		};
/* End PBXFrameworksBuildPhase section */

/* Begin PBXGroup section */
		7FC887E9306CD2670047508F = {
			isa = PBXGroup;
			children = (
				7FC887F4306CD2670047508F /* StoreFlow */,
				7FC88802306CD2680047508F /* StoreFlowTests */,
				7FC8880C306CD2680047508F /* StoreFlowUITests */,
				7FC887F3306CD2670047508F /* Products */,
			);
			sourceTree = "<group>";
		};
		7FC887F3306CD2670047508F /* Products */ = {
			isa = PBXGroup;
			children = (
				7FC887F2306CD2670047508F /* StoreFlow.app */,
				7FC887FF306CD2680047508F /* StoreFlowTests.xctest */,
				7FC88809306CD2680047508F /* StoreFlowUITests.xctest */,
			);
			name = Products;
			sourceTree = "<group>";
		};
/* End PBXGroup section */

/* Begin PBXNativeTarget section */
		7FC887F1306CD2670047508F /* StoreFlow */ = {
			isa = PBXNativeTarget;
			buildConfigurationList = 7FC88811306CD2680047508F /* Build configuration list for PBXNativeTarget "StoreFlow" */;
			buildPhases = (
				7F6688E93071E5F00033DAB2 /* Build Kotlin shared code */,
				7FC887EE306CD2670047508F /* Sources */,
				7FC887EF306CD2670047508F /* Frameworks */,
				7FC887F0306CD2670047508F /* Resources */,
			);
			buildRules = (
			);
			fileSystemSynchronizedGroups = (
				7FC887F4306CD2670047508F /* StoreFlow */,
			);
			name = StoreFlow;
			productName = StoreFlow;
			productReference = 7FC887F2306CD2670047508F /* StoreFlow.app */;
			productType = "com.apple.product-type.application";
		};
		7FC887FE306CD2680047508F /* StoreFlowTests */ = {
			isa = PBXNativeTarget;
			buildConfigurationList = 7FC88814306CD2680047508F /* Build configuration list for PBXNativeTarget "StoreFlowTests" */;
			buildPhases = (
				7FC887FB306CD2680047508F /* Sources */,
				7FC887FC306CD2680047508F /* Frameworks */,
				7FC887FD306CD2680047508F /* Resources */,
			);
			buildRules = (
			);
			dependencies = (
				7FC88801306CD2680047508F /* PBXTargetDependency */,
			);
			fileSystemSynchronizedGroups = (
				7FC88802306CD2680047508F /* StoreFlowTests */,
			);
			name = StoreFlowTests;
			productName = StoreFlowTests;
			productReference = 7FC887FF306CD2680047508F /* StoreFlowTests.xctest */;
			productType = "com.apple.product-type.bundle.unit-test";
		};
		7FC88808306CD2680047508F /* StoreFlowUITests */ = {
			isa = PBXNativeTarget;
			buildConfigurationList = 7FC88817306CD2680047508F /* Build configuration list for PBXNativeTarget "StoreFlowUITests" */;
			buildPhases = (
				7FC88805306CD2680047508F /* Sources */,
				7FC88806306CD2680047508F /* Frameworks */,
				7FC88807306CD2680047508F /* Resources */,
			);
			buildRules = (
			);
			dependencies = (
				7FC8880B306CD2680047508F /* PBXTargetDependency */,
			);
			fileSystemSynchronizedGroups = (
				7FC8880C306CD2680047508F /* StoreFlowUITests */,
			);
			name = StoreFlowUITests;
			productName = StoreFlowUITests;
			productReference = 7FC88809306CD2680047508F /* StoreFlowUITests.xctest */;
			productType = "com.apple.product-type.bundle.ui-testing";
		};
/* End PBXNativeTarget section */

/* Begin PBXProject section */
		7FC887EA306CD2670047508F /* Project object */ = {
			isa = PBXProject;
			attributes = {
				BuildIndependentTargetsInParallel = 1;
				LastSwiftUpdateCheck = 2700;
				LastUpgradeCheck = 2700;
				TargetAttributes = {
					7FC887F1306CD2670047508F = {
						CreatedOnToolsVersion = 27.0;
					};
					7FC887FE306CD2680047508F = {
						CreatedOnToolsVersion = 27.0;
						TestTargetID = 7FC887F1306CD2670047508F;
					};
					7FC88808306CD2680047508F = {
						CreatedOnToolsVersion = 27.0;
						TestTargetID = 7FC887F1306CD2670047508F;
					};
				};
			};
			buildConfigurationList = 7FC887ED306CD2670047508F /* Build configuration list for PBXProject "StoreFlow" */;
			developmentRegion = en;
			hasScannedForEncodings = 0;
			knownRegions = (
				en,
				Base,
			);
			mainGroup = 7FC887E9306CD2670047508F;
			minimizedProjectReferenceProxies = 1;
			preferredProjectObjectVersion = 77;
			productRefGroup = 7FC887F3306CD2670047508F /* Products */;
			projectDirPath = "";
			projectRoot = "";
			targets = (
				7FC887F1306CD2670047508F /* StoreFlow */,
				7FC887FE306CD2680047508F /* StoreFlowTests */,
				7FC88808306CD2680047508F /* StoreFlowUITests */,
			);
		};
/* End PBXProject section */

/* Begin PBXResourcesBuildPhase section */
		7FC887F0306CD2670047508F /* Resources */ = {
			isa = PBXResourcesBuildPhase;
			files = (
			);
		};
		7FC887FD306CD2680047508F /* Resources */ = {
			isa = PBXResourcesBuildPhase;
			files = (
			);
		};
		7FC88807306CD2680047508F /* Resources */ = {
			isa = PBXResourcesBuildPhase;
			files = (
			);
		};
/* End PBXResourcesBuildPhase section */

/* Begin PBXShellScriptBuildPhase section */
		7F6688E93071E5F00033DAB2 /* Build Kotlin shared code */ = {
			isa = PBXShellScriptBuildPhase;
			alwaysOutOfDate = 1;
			name = "Build Kotlin shared code";
			shellPath = /bin/sh;
			shellScript = (
				"if [ \"YES\" = \"$OVERRIDE_KOTLIN_BUILD_IDE_SUPPORTED\" ]; then",
				"    echo \"Skipping Gradle build: OVERRIDE_KOTLIN_BUILD_IDE_SUPPORTED=YES\"",
				"    exit 0",
				"fi",
				"if [ -z \"$JAVA_HOME\" ]; then",
				"    JAVA_HOME=\"$(/usr/libexec/java_home -F -v 21)\" || ",
				"    { echo \"error: JDK 21 not found. Intall it: brew install --cask temurin@21\"; exit 1; }",
				"    export JAVA_HOME",
				"fi",
				"cd \"$SRCROOT/../../mobile\"",
				"./gradlew :shared:embedAndSignAppleFrameworkForXcode",
				"",
			);
		};
/* End PBXShellScriptBuildPhase section */

/* Begin PBXSourcesBuildPhase section */
		7FC887EE306CD2670047508F /* Sources */ = {
			isa = PBXSourcesBuildPhase;
			files = (
			);
		};
		7FC887FB306CD2680047508F /* Sources */ = {
			isa = PBXSourcesBuildPhase;
			files = (
			);
		};
		7FC88805306CD2680047508F /* Sources */ = {
			isa = PBXSourcesBuildPhase;
			files = (
			);
		};
/* End PBXSourcesBuildPhase section */

/* Begin PBXTargetDependency section */
		7FC88801306CD2680047508F /* PBXTargetDependency */ = {
			isa = PBXTargetDependency;
			target = 7FC887F1306CD2670047508F /* StoreFlow */;
			targetProxy = 7FC88800306CD2680047508F /* PBXContainerItemProxy */;
		};
		7FC8880B306CD2680047508F /* PBXTargetDependency */ = {
			isa = PBXTargetDependency;
			target = 7FC887F1306CD2670047508F /* StoreFlow */;
			targetProxy = 7FC8880A306CD2680047508F /* PBXContainerItemProxy */;
		};
/* End PBXTargetDependency section */

/* Begin XCBuildConfiguration section */
		7FC8880F306CD2680047508F /* Debug configuration for PBXProject "StoreFlow" */ = {
			isa = XCBuildConfiguration;
			buildSettings = {
				ALWAYS_SEARCH_USER_PATHS = NO;
				ASSETCATALOG_COMPILER_GENERATE_SWIFT_ASSET_SYMBOL_EXTENSIONS = YES;
				CLANG_ANALYZER_NONNULL = YES;
				CLANG_ANALYZER_NUMBER_OBJECT_CONVERSION = YES_AGGRESSIVE;
				CLANG_CXX_LANGUAGE_STANDARD = "gnu++20";
				CLANG_ENABLE_MODULES = YES;
				CLANG_ENABLE_OBJC_ARC = YES;
				CLANG_ENABLE_OBJC_WEAK = YES;
				CLANG_WARN_BLOCK_CAPTURE_AUTORELEASING = YES;
				CLANG_WARN_BOOL_CONVERSION = YES;
				CLANG_WARN_COMMA = YES;
				CLANG_WARN_CONSTANT_CONVERSION = YES;
				CLANG_WARN_DEPRECATED_OBJC_IMPLEMENTATIONS = YES;
				CLANG_WARN_DIRECT_OBJC_ISA_USAGE = YES_ERROR;
				CLANG_WARN_DOCUMENTATION_COMMENTS = YES;
				CLANG_WARN_EMPTY_BODY = YES;
				CLANG_WARN_ENUM_CONVERSION = YES;
				CLANG_WARN_INFINITE_RECURSION = YES;
				CLANG_WARN_INT_CONVERSION = YES;
				CLANG_WARN_NON_LITERAL_NULL_CONVERSION = YES;
				CLANG_WARN_OBJC_IMPLICIT_RETAIN_SELF = YES;
				CLANG_WARN_OBJC_LITERAL_CONVERSION = YES;
				CLANG_WARN_OBJC_ROOT_CLASS = YES_ERROR;
				CLANG_WARN_QUOTED_INCLUDE_IN_FRAMEWORK_HEADER = YES;
				CLANG_WARN_RANGE_LOOP_ANALYSIS = YES;
				CLANG_WARN_STRICT_PROTOTYPES = YES;
				CLANG_WARN_SUSPICIOUS_MOVE = YES;
				CLANG_WARN_UNGUARDED_AVAILABILITY = YES_AGGRESSIVE;
				CLANG_WARN_UNREACHABLE_CODE = YES;
				CLANG_WARN__DUPLICATE_METHOD_MATCH = YES;
				COPY_PHASE_STRIP = NO;
				DEBUG_INFORMATION_FORMAT = dwarf;
				ENABLE_STRICT_OBJC_MSGSEND = YES;
				ENABLE_TESTABILITY = YES;
				ENABLE_USER_SCRIPT_SANDBOXING = YES;
				GCC_C_LANGUAGE_STANDARD = gnu17;
				GCC_DYNAMIC_NO_PIC = NO;
				GCC_NO_COMMON_BLOCKS = YES;
				GCC_OPTIMIZATION_LEVEL = 0;
				GCC_PREPROCESSOR_DEFINITIONS = (
					"DEBUG=1",
					"$(inherited)",
				);
				GCC_WARN_64_TO_32_BIT_CONVERSION = YES;
				GCC_WARN_ABOUT_RETURN_TYPE = YES_ERROR;
				GCC_WARN_UNDECLARED_SELECTOR = YES;
				GCC_WARN_UNINITIALIZED_AUTOS = YES_AGGRESSIVE;
				GCC_WARN_UNUSED_FUNCTION = YES;
				GCC_WARN_UNUSED_VARIABLE = YES;
				LOCALIZATION_PREFERS_STRING_CATALOGS = YES;
				MTL_ENABLE_DEBUG_INFO = INCLUDE_SOURCE;
				MTL_FAST_MATH = YES;
				ONLY_ACTIVE_ARCH = YES;
				SWIFT_ACTIVE_COMPILATION_CONDITIONS = "DEBUG $(inherited)";
				SWIFT_OPTIMIZATION_LEVEL = "-Onone";
			};
			name = Debug;
		};
		7FC88810306CD2680047508F /* Release configuration for PBXProject "StoreFlow" */ = {
			isa = XCBuildConfiguration;
			buildSettings = {
				ALWAYS_SEARCH_USER_PATHS = NO;
				ASSETCATALOG_COMPILER_GENERATE_SWIFT_ASSET_SYMBOL_EXTENSIONS = YES;
				CLANG_ANALYZER_NONNULL = YES;
				CLANG_ANALYZER_NUMBER_OBJECT_CONVERSION = YES_AGGRESSIVE;
				CLANG_CXX_LANGUAGE_STANDARD = "gnu++20";
				CLANG_ENABLE_MODULES = YES;
				CLANG_ENABLE_OBJC_ARC = YES;
				CLANG_ENABLE_OBJC_WEAK = YES;
				CLANG_WARN_BLOCK_CAPTURE_AUTORELEASING = YES;
				CLANG_WARN_BOOL_CONVERSION = YES;
				CLANG_WARN_COMMA = YES;
				CLANG_WARN_CONSTANT_CONVERSION = YES;
				CLANG_WARN_DEPRECATED_OBJC_IMPLEMENTATIONS = YES;
				CLANG_WARN_DIRECT_OBJC_ISA_USAGE = YES_ERROR;
				CLANG_WARN_DOCUMENTATION_COMMENTS = YES;
				CLANG_WARN_EMPTY_BODY = YES;
				CLANG_WARN_ENUM_CONVERSION = YES;
				CLANG_WARN_INFINITE_RECURSION = YES;
				CLANG_WARN_INT_CONVERSION = YES;
				CLANG_WARN_NON_LITERAL_NULL_CONVERSION = YES;
				CLANG_WARN_OBJC_IMPLICIT_RETAIN_SELF = YES;
				CLANG_WARN_OBJC_LITERAL_CONVERSION = YES;
				CLANG_WARN_OBJC_ROOT_CLASS = YES_ERROR;
				CLANG_WARN_QUOTED_INCLUDE_IN_FRAMEWORK_HEADER = YES;
				CLANG_WARN_RANGE_LOOP_ANALYSIS = YES;
				CLANG_WARN_STRICT_PROTOTYPES = YES;
				CLANG_WARN_SUSPICIOUS_MOVE = YES;
				CLANG_WARN_UNGUARDED_AVAILABILITY = YES_AGGRESSIVE;
				CLANG_WARN_UNREACHABLE_CODE = YES;
				CLANG_WARN__DUPLICATE_METHOD_MATCH = YES;
				COPY_PHASE_STRIP = NO;
				DEBUG_INFORMATION_FORMAT = "dwarf-with-dsym";
				ENABLE_NS_ASSERTIONS = NO;
				ENABLE_STRICT_OBJC_MSGSEND = YES;
				ENABLE_USER_SCRIPT_SANDBOXING = YES;
				GCC_C_LANGUAGE_STANDARD = gnu17;
				GCC_NO_COMMON_BLOCKS = YES;
				GCC_WARN_64_TO_32_BIT_CONVERSION = YES;
				GCC_WARN_ABOUT_RETURN_TYPE = YES_ERROR;
				GCC_WARN_UNDECLARED_SELECTOR = YES;
				GCC_WARN_UNINITIALIZED_AUTOS = YES_AGGRESSIVE;
				GCC_WARN_UNUSED_FUNCTION = YES;
				GCC_WARN_UNUSED_VARIABLE = YES;
				LOCALIZATION_PREFERS_STRING_CATALOGS = YES;
				MTL_ENABLE_DEBUG_INFO = NO;
				MTL_FAST_MATH = YES;
				SWIFT_COMPILATION_MODE = wholemodule;
			};
			name = Release;
		};
		7FC88812306CD2680047508F /* Debug configuration for PBXNativeTarget "StoreFlow" */ = {
			isa = XCBuildConfiguration;
			buildSettings = {
				ASSETCATALOG_COMPILER_APPICON_NAME = AppIcon;
				ASSETCATALOG_COMPILER_GLOBAL_ACCENT_COLOR_NAME = AccentColor;
				CODE_SIGN_STYLE = Automatic;
				CURRENT_PROJECT_VERSION = 1;
				ENABLE_APP_SANDBOX = YES;
				ENABLE_PREVIEWS = YES;
				ENABLE_USER_SCRIPT_SANDBOXING = NO;
				ENABLE_USER_SELECTED_FILES = readonly;
				GENERATE_INFOPLIST_FILE = YES;
				"INFOPLIST_KEY_UIApplicationSceneManifest_Generation[sdk=iphoneos*]" = YES;
				"INFOPLIST_KEY_UIApplicationSceneManifest_Generation[sdk=iphonesimulator*]" = YES;
				"INFOPLIST_KEY_UIApplicationSupportsIndirectInputEvents[sdk=iphoneos*]" = YES;
				"INFOPLIST_KEY_UIApplicationSupportsIndirectInputEvents[sdk=iphonesimulator*]" = YES;
				"INFOPLIST_KEY_UILaunchScreen_Generation[sdk=iphoneos*]" = YES;
				"INFOPLIST_KEY_UILaunchScreen_Generation[sdk=iphonesimulator*]" = YES;
				"INFOPLIST_KEY_UIStatusBarStyle[sdk=iphoneos*]" = UIStatusBarStyleDefault;
				"INFOPLIST_KEY_UIStatusBarStyle[sdk=iphonesimulator*]" = UIStatusBarStyleDefault;
				INFOPLIST_KEY_UISupportedInterfaceOrientations_iPad = "UIInterfaceOrientationPortrait UIInterfaceOrientationPortraitUpsideDown UIInterfaceOrientationLandscapeLeft UIInterfaceOrientationLandscapeRight";
				INFOPLIST_KEY_UISupportedInterfaceOrientations_iPhone = "UIInterfaceOrientationPortrait UIInterfaceOrientationLandscapeLeft UIInterfaceOrientationLandscapeRight";
				IPHONEOS_DEPLOYMENT_TARGET = 27.0;
				LD_RUNPATH_SEARCH_PATHS = "@executable_path/Frameworks";
				"LD_RUNPATH_SEARCH_PATHS[sdk=macosx*]" = "@executable_path/../Frameworks";
				MACOSX_DEPLOYMENT_TARGET = 27.0;
				MARKETING_VERSION = 1.0;
				PRODUCT_BUNDLE_IDENTIFIER = com.storeflow.StoreFlow;
				PRODUCT_NAME = "$(TARGET_NAME)";
				REGISTER_APP_GROUPS = YES;
				SDKROOT = auto;
				STRING_CATALOG_GENERATE_SYMBOLS = YES;
				SUPPORTED_PLATFORMS = "iphoneos iphonesimulator macosx xros xrsimulator";
				SWIFT_APPROACHABLE_CONCURRENCY = YES;
				SWIFT_DEFAULT_ACTOR_ISOLATION = MainActor;
				SWIFT_EMIT_LOC_STRINGS = YES;
				SWIFT_UPCOMING_FEATURE_MEMBER_IMPORT_VISIBILITY = YES;
				SWIFT_VERSION = 5.0;
				TARGETED_DEVICE_FAMILY = "1,2,7";
				XROS_DEPLOYMENT_TARGET = 27.0;
			};
			name = Debug;
		};
		7FC88813306CD2680047508F /* Release configuration for PBXNativeTarget "StoreFlow" */ = {
			isa = XCBuildConfiguration;
			buildSettings = {
				ASSETCATALOG_COMPILER_APPICON_NAME = AppIcon;
				ASSETCATALOG_COMPILER_GLOBAL_ACCENT_COLOR_NAME = AccentColor;
				CODE_SIGN_STYLE = Automatic;
				CURRENT_PROJECT_VERSION = 1;
				ENABLE_APP_SANDBOX = YES;
				ENABLE_PREVIEWS = YES;
				ENABLE_USER_SCRIPT_SANDBOXING = NO;
				ENABLE_USER_SELECTED_FILES = readonly;
				GENERATE_INFOPLIST_FILE = YES;
				"INFOPLIST_KEY_UIApplicationSceneManifest_Generation[sdk=iphoneos*]" = YES;
				"INFOPLIST_KEY_UIApplicationSceneManifest_Generation[sdk=iphonesimulator*]" = YES;
				"INFOPLIST_KEY_UIApplicationSupportsIndirectInputEvents[sdk=iphoneos*]" = YES;
				"INFOPLIST_KEY_UIApplicationSupportsIndirectInputEvents[sdk=iphonesimulator*]" = YES;
				"INFOPLIST_KEY_UILaunchScreen_Generation[sdk=iphoneos*]" = YES;
				"INFOPLIST_KEY_UILaunchScreen_Generation[sdk=iphonesimulator*]" = YES;
				"INFOPLIST_KEY_UIStatusBarStyle[sdk=iphoneos*]" = UIStatusBarStyleDefault;
				"INFOPLIST_KEY_UIStatusBarStyle[sdk=iphonesimulator*]" = UIStatusBarStyleDefault;
				INFOPLIST_KEY_UISupportedInterfaceOrientations_iPad = "UIInterfaceOrientationPortrait UIInterfaceOrientationPortraitUpsideDown UIInterfaceOrientationLandscapeLeft UIInterfaceOrientationLandscapeRight";
				INFOPLIST_KEY_UISupportedInterfaceOrientations_iPhone = "UIInterfaceOrientationPortrait UIInterfaceOrientationLandscapeLeft UIInterfaceOrientationLandscapeRight";
				IPHONEOS_DEPLOYMENT_TARGET = 27.0;
				LD_RUNPATH_SEARCH_PATHS = "@executable_path/Frameworks";
				"LD_RUNPATH_SEARCH_PATHS[sdk=macosx*]" = "@executable_path/../Frameworks";
				MACOSX_DEPLOYMENT_TARGET = 27.0;
				MARKETING_VERSION = 1.0;
				PRODUCT_BUNDLE_IDENTIFIER = com.storeflow.StoreFlow;
				PRODUCT_NAME = "$(TARGET_NAME)";
				REGISTER_APP_GROUPS = YES;
				SDKROOT = auto;
				STRING_CATALOG_GENERATE_SYMBOLS = YES;
				SUPPORTED_PLATFORMS = "iphoneos iphonesimulator macosx xros xrsimulator";
				SWIFT_APPROACHABLE_CONCURRENCY = YES;
				SWIFT_DEFAULT_ACTOR_ISOLATION = MainActor;
				SWIFT_EMIT_LOC_STRINGS = YES;
				SWIFT_UPCOMING_FEATURE_MEMBER_IMPORT_VISIBILITY = YES;
				SWIFT_VERSION = 5.0;
				TARGETED_DEVICE_FAMILY = "1,2,7";
				XROS_DEPLOYMENT_TARGET = 27.0;
			};
			name = Release;
		};
		7FC88815306CD2680047508F /* Debug configuration for PBXNativeTarget "StoreFlowTests" */ = {
			isa = XCBuildConfiguration;
			buildSettings = {
				BUNDLE_LOADER = "$(TEST_HOST)";
				CODE_SIGN_STYLE = Automatic;
				CURRENT_PROJECT_VERSION = 1;
				GENERATE_INFOPLIST_FILE = YES;
				IPHONEOS_DEPLOYMENT_TARGET = 27.0;
				MACOSX_DEPLOYMENT_TARGET = 27.0;
				MARKETING_VERSION = 1.0;
				PRODUCT_BUNDLE_IDENTIFIER = com.bkoo.StoreFlowTests;
				PRODUCT_NAME = "$(TARGET_NAME)";
				SDKROOT = auto;
				STRING_CATALOG_GENERATE_SYMBOLS = NO;
				SUPPORTED_PLATFORMS = "iphoneos iphonesimulator macosx xros xrsimulator";
				SWIFT_APPROACHABLE_CONCURRENCY = YES;
				SWIFT_EMIT_LOC_STRINGS = NO;
				SWIFT_UPCOMING_FEATURE_MEMBER_IMPORT_VISIBILITY = YES;
				SWIFT_VERSION = 5.0;
				TARGETED_DEVICE_FAMILY = "1,2,7";
				TEST_HOST = "$(BUILT_PRODUCTS_DIR)/StoreFlow.app/$(BUNDLE_EXECUTABLE_FOLDER_PATH)/StoreFlow";
				XROS_DEPLOYMENT_TARGET = 27.0;
			};
			name = Debug;
		};
		7FC88816306CD2680047508F /* Release configuration for PBXNativeTarget "StoreFlowTests" */ = {
			isa = XCBuildConfiguration;
			buildSettings = {
				BUNDLE_LOADER = "$(TEST_HOST)";
				CODE_SIGN_STYLE = Automatic;
				CURRENT_PROJECT_VERSION = 1;
				GENERATE_INFOPLIST_FILE = YES;
				IPHONEOS_DEPLOYMENT_TARGET = 27.0;
				MACOSX_DEPLOYMENT_TARGET = 27.0;
				MARKETING_VERSION = 1.0;
				PRODUCT_BUNDLE_IDENTIFIER = com.bkoo.StoreFlowTests;
				PRODUCT_NAME = "$(TARGET_NAME)";
				SDKROOT = auto;
				STRING_CATALOG_GENERATE_SYMBOLS = NO;
				SUPPORTED_PLATFORMS = "iphoneos iphonesimulator macosx xros xrsimulator";
				SWIFT_APPROACHABLE_CONCURRENCY = YES;
				SWIFT_EMIT_LOC_STRINGS = NO;
				SWIFT_UPCOMING_FEATURE_MEMBER_IMPORT_VISIBILITY = YES;
				SWIFT_VERSION = 5.0;
				TARGETED_DEVICE_FAMILY = "1,2,7";
				TEST_HOST = "$(BUILT_PRODUCTS_DIR)/StoreFlow.app/$(BUNDLE_EXECUTABLE_FOLDER_PATH)/StoreFlow";
				XROS_DEPLOYMENT_TARGET = 27.0;
			};
			name = Release;
		};
		7FC88818306CD2680047508F /* Debug configuration for PBXNativeTarget "StoreFlowUITests" */ = {
			isa = XCBuildConfiguration;
			buildSettings = {
				CODE_SIGN_STYLE = Automatic;
				CURRENT_PROJECT_VERSION = 1;
				GENERATE_INFOPLIST_FILE = YES;
				IPHONEOS_DEPLOYMENT_TARGET = 27.0;
				MACOSX_DEPLOYMENT_TARGET = 27.0;
				MARKETING_VERSION = 1.0;
				PRODUCT_BUNDLE_IDENTIFIER = com.bkoo.StoreFlowUITests;
				PRODUCT_NAME = "$(TARGET_NAME)";
				SDKROOT = auto;
				STRING_CATALOG_GENERATE_SYMBOLS = NO;
				SUPPORTED_PLATFORMS = "iphoneos iphonesimulator macosx xros xrsimulator";
				SWIFT_APPROACHABLE_CONCURRENCY = YES;
				SWIFT_EMIT_LOC_STRINGS = NO;
				SWIFT_UPCOMING_FEATURE_MEMBER_IMPORT_VISIBILITY = YES;
				SWIFT_VERSION = 5.0;
				TARGETED_DEVICE_FAMILY = "1,2,7";
				TEST_TARGET_NAME = StoreFlow;
				XROS_DEPLOYMENT_TARGET = 27.0;
			};
			name = Debug;
		};
		7FC88819306CD2680047508F /* Release configuration for PBXNativeTarget "StoreFlowUITests" */ = {
			isa = XCBuildConfiguration;
			buildSettings = {
				CODE_SIGN_STYLE = Automatic;
				CURRENT_PROJECT_VERSION = 1;
				GENERATE_INFOPLIST_FILE = YES;
				IPHONEOS_DEPLOYMENT_TARGET = 27.0;
				MACOSX_DEPLOYMENT_TARGET = 27.0;
				MARKETING_VERSION = 1.0;
				PRODUCT_BUNDLE_IDENTIFIER = com.bkoo.StoreFlowUITests;
				PRODUCT_NAME = "$(TARGET_NAME)";
				SDKROOT = auto;
				STRING_CATALOG_GENERATE_SYMBOLS = NO;
				SUPPORTED_PLATFORMS = "iphoneos iphonesimulator macosx xros xrsimulator";
				SWIFT_APPROACHABLE_CONCURRENCY = YES;
				SWIFT_EMIT_LOC_STRINGS = NO;
				SWIFT_UPCOMING_FEATURE_MEMBER_IMPORT_VISIBILITY = YES;
				SWIFT_VERSION = 5.0;
				TARGETED_DEVICE_FAMILY = "1,2,7";
				TEST_TARGET_NAME = StoreFlow;
				XROS_DEPLOYMENT_TARGET = 27.0;
			};
			name = Release;
		};
/* End XCBuildConfiguration section */

/* Begin XCConfigurationList section */
		7FC887ED306CD2670047508F /* Build configuration list for PBXProject "StoreFlow" */ = {
			isa = XCConfigurationList;
			buildConfigurations = (
				7FC8880F306CD2680047508F /* Debug configuration for PBXProject "StoreFlow" */,
				7FC88810306CD2680047508F /* Release configuration for PBXProject "StoreFlow" */,
			);
			defaultConfigurationName = Release;
		};
		7FC88811306CD2680047508F /* Build configuration list for PBXNativeTarget "StoreFlow" */ = {
			isa = XCConfigurationList;
			buildConfigurations = (
				7FC88812306CD2680047508F /* Debug configuration for PBXNativeTarget "StoreFlow" */,
				7FC88813306CD2680047508F /* Release configuration for PBXNativeTarget "StoreFlow" */,
			);
			defaultConfigurationName = Release;
		};
		7FC88814306CD2680047508F /* Build configuration list for PBXNativeTarget "StoreFlowTests" */ = {
			isa = XCConfigurationList;
			buildConfigurations = (
				7FC88815306CD2680047508F /* Debug configuration for PBXNativeTarget "StoreFlowTests" */,
				7FC88816306CD2680047508F /* Release configuration for PBXNativeTarget "StoreFlowTests" */,
			);
			defaultConfigurationName = Release;
		};
		7FC88817306CD2680047508F /* Build configuration list for PBXNativeTarget "StoreFlowUITests" */ = {
			isa = XCConfigurationList;
			buildConfigurations = (
				7FC88818306CD2680047508F /* Debug configuration for PBXNativeTarget "StoreFlowUITests" */,
				7FC88819306CD2680047508F /* Release configuration for PBXNativeTarget "StoreFlowUITests" */,
			);
			defaultConfigurationName = Release;
		};
/* End XCConfigurationList section */
	};
	rootObject = 7FC887EA306CD2670047508F /* Project object */;
	validationLevel = 1;
}
